// !$*UTF8*$!
{
	archiveVersion = 1;
	classes = {
	};
	objectVersion = 56;
	objects = {

/* Begin PBXBuildFile section */
		1106CD432934B5DD00816471 /* DataModel.swift in Sources */ = {isa = PBXBuildFile; fileRef = 1106CD422934B5DD00816471 /* DataModel.swift */; };
		111FDA062931212C00B82376 /* APIPracticeApp.swift in Sources */ = {isa = PBXBuildFile; fileRef = 111FDA052931212C00B82376 /* APIPracticeApp.swift */; };
		111FDA082931212C00B82376 /* ContentView.swift in Sources */ = {isa = PBXBuildFile; fileRef = 111FDA072931212C00B82376 /* ContentView.swift */; };
		111FDA0A2931212D00B82376 /* Assets.xcassets in Resources */ = {isa = PBXBuildFile; fileRef = 111FDA092931212D00B82376 /* Assets.xcassets */; };
		111FDA0D2931212D00B82376 /* Preview Assets.xcassets in Resources */ = {isa = PBXBuildFile; fileRef = 111FDA0C2931212D00B82376 /* Preview Assets.xcassets */; };
		111FDA172931212D00B82376 /* APIPracticeTests.swift in Sources */ = {isa = PBXBuildFile; fileRef = 111FDA162931212D00B82376 /* APIPracticeTests.swift */; };
		111FDA212931212D00B82376 /* APIPracticeUITests.swift in Sources */ = {isa = PBXBuildFile; fileRef = 111FDA202931212D00B82376 /* APIPracticeUITests.swift */; };
		111FDA232931212D00B82376 /* APIPracticeUITestsLaunchTests.swift in Sources */ = {isa = PBXBuildFile; fileRef = 111FDA222931212D00B82376 /* APIPracticeUITestsLaunchTests.swift */; };
		111FDA302931295A00B82376 /* TaskData.swift in Sources */ = {isa = PBXBuildFile; fileRef = 111FDA2F2931295A00B82376 /* TaskData.swift */; };
/* End PBXBuildFile section */

/* Begin PBXContainerItemProxy section */
		111FDA132931212D00B82376 /* PBXContainerItemProxy */ = {
			isa = PBXContainerItemProxy;
			containerPortal = 111FD9FA2931212C00B82376 /* Project object */;
			proxyType = 1;
			remoteGlobalIDString = 111FDA012931212C00B82376;
			remoteInfo = APIPractice;
		};
		111FDA1D2931212D00B82376 /* PBXContainerItemProxy */ = {
			isa = PBXContainerItemProxy;
			containerPortal = 111FD9FA2931212C00B82376 /* Project object */;
			proxyType = 1;
			remoteGlobalIDString = 111FDA012931212C00B82376;
			remoteInfo = APIPractice;
		};
/* End PBXContainerItemProxy section */

/* Begin PBXFileReference section */
		1106CD422934B5DD00816471 /* DataModel.swift */ = {isa = PBXFileReference; lastKnownFileType = sourcecode.swift; path = DataModel.swift; sourceTree = "<group>"; };
		111FDA022931212C00B82376 /* APIPractice.app */ = {isa = PBXFileReference; explicitFileType = wrapper.application; includeInIndex = 0; path = APIPractice.app; sourceTree = BUILT_PRODUCTS_DIR; };
		111FDA052931212C00B82376 /* APIPracticeApp.swift */ = {isa = PBXFileReference; lastKnownFileType = sourcecode.swift; path = APIPracticeApp.swift; sourceTree = "<group>"; };
		111FDA072931212C00B82376 /* ContentView.swift */ = {isa = PBXFileReference; lastKnownFileType = sourcecode.swift; path = ContentView.swift; sourceTree = "<group>"; };
		111FDA092931212D00B82376 /* Assets.xcassets */ = {isa = PBXFileReference; lastKnownFileType = folder.assetcatalog; path = Assets.xcassets; sourceTree = "<group>"; };
		111FDA0C2931212D00B82376 /* Preview Assets.xcassets */ = {isa = PBXFileReference; lastKnownFileType = folder.assetcatalog; path = "Preview Assets.xcassets"; sourceTree = "<group>"; };
		111FDA122931212D00B82376 /* APIPracticeTests.xctest */ = {isa = PBXFileReference; explicitFileType = wrapper.cfbundle; includeInIndex = 0; path = APIPracticeTests.xctest; sourceTree = BUILT_PRODUCTS_DIR; };
		111FDA162931212D00B82376 /* APIPracticeTests.swift */ = {isa = PBXFileReference; lastKnownFileType = sourcecode.swift; path = APIPracticeTests.swift; sourceTree = "<group>"; };
		111FDA1C2931212D00B82376 /* APIPracticeUITests.xctest */ = {isa = PBXFileReference; explicitFileType = wrapper.cfbundle; includeInIndex = 0; path = APIPracticeUITests.xctest; sourceTree = BUILT_PRODUCTS_DIR; };
		111FDA202931212D00B82376 /* APIPracticeUITests.swift */ = {isa = PBXFileReference; lastKnownFileType = sourcecode.swift; path = APIPracticeUITests.swift; sourceTree = "<group>"; };
		111FDA222931212D00B82376 /* APIPracticeUITestsLaunchTests.swift */ = {isa = PBXFileReference; lastKnownFileType = sourcecode.swift; path = APIPracticeUITestsLaunchTests.swift; sourceTree = "<group>"; };
		111FDA2F2931295A00B82376 /* TaskData.swift */ = {isa = PBXFileReference; lastKnownFileType = sourcecode.swift; path = TaskData.swift; sourceTree = "<group>"; };
/* End PBXFileReference section */

/* Begin PBXFrameworksBuildPhase section */
		111FD9FF2931212C00B82376 /* Frameworks */ = {
			isa = PBXFrameworksBuildPhase;
			buildActionMask = 2147483647;
			files = (
			);
			runOnlyForDeploymentPostprocessing = 0;
		};
		111FDA0F2931212D00B82376 /* Frameworks */ = {
			isa = PBXFrameworksBuildPhase;
			buildActionMask = 2147483647;
			files = (
			);
			runOnlyForDeploymentPostprocessing = 0;
		};
		111FDA192931212D00B82376 /* Frameworks */ = {
			isa = PBXFrameworksBuildPhase;
			buildActionMask = 2147483647;
			files = (
			);
			runOnlyForDeploymentPostprocessing = 0;
		};
/* End PBXFrameworksBuildPhase section */

/* Begin PBXGroup section */
		111FD9F92931212C00B82376 = {
			isa = PBXGroup;
			children = (
				111FDA042931212C00B82376 /* APIPractice */,
				111FDA152931212D00B82376 /* APIPracticeTests */,
				111FDA1F2931212D00B82376 /* APIPracticeUITests */,
				111FDA032931212C00B82376 /* Products */,
			);
			sourceTree = "<group>";
		};
		111FDA032931212C00B82376 /* Products */ = {
			isa = PBXGroup;
			children = (
				111FDA022931212C00B82376 /* APIPractice.app */,
				111FDA122931212D00B82376 /* APIPracticeTests.xctest */,
				111FDA1C2931212D00B82376 /* APIPracticeUITests.xctest */,
			);
			name = Products;
			sourceTree = "<group>";
		};
		111FDA042931212C00B82376 /* APIPractice */ = {
			isa = PBXGroup;
			children = (
				111FDA052931212C00B82376 /* APIPracticeApp.swift */,
				111FDA072931212C00B82376 /* ContentView.swift */,
				111FDA092931212D00B82376 /* Assets.xcassets */,
				111FDA0B2931212D00B82376 /* Preview Content */,
				111FDA2F2931295A00B82376 /* TaskData.swift */,
				1106CD422934B5DD00816471 /* DataModel.swift */,
			);
			path = APIPractice;
			sourceTree = "<group>";
		};
		111FDA0B2931212D00B82376 /* Preview Content */ = {
			isa = PBXGroup;
			children = (
				111FDA0C2931212D00B82376 /* Preview Assets.xcassets */,
			);
			path = "Preview Content";
			sourceTree = "<group>";
		};
		111FDA152931212D00B82376 /* APIPracticeTests */ = {
			isa = PBXGroup;
			children = (
				111FDA162931212D00B82376 /* APIPracticeTests.swift */,
			);
			path = APIPracticeTests;
			sourceTree = "<group>";
		};
		111FDA1F2931212D00B82376 /* APIPracticeUITests */ = {
			isa = PBXGroup;
			children = (
				111FDA202931212D00B82376 /* APIPracticeUITests.swift */,
				111FDA222931212D00B82376 /* APIPracticeUITestsLaunchTests.swift */,
			);
			path = APIPracticeUITests;
			sourceTree = "<group>";
		};
/* End PBXGroup section */

/* Begin PBXNativeTarget section */
		111FDA012931212C00B82376 /* APIPractice */ = {
			isa = PBXNativeTarget;
			buildConfigurationList = 111FDA262931212D00B82376 /* Build configuration list for PBXNativeTarget "APIPractice" */;
			buildPhases = (
				111FD9FE2931212C00B82376 /* Sources */,
				111FD9FF2931212C00B82376 /* Frameworks */,
				111FDA002931212C00B82376 /* Resources */,
			);
			buildRules = (
			);
			dependencies = (
			);
			name = APIPractice;
			productName = APIPractice;
			productReference = 111FDA022931212C00B82376 /* APIPractice.app */;
			productType = "com.apple.product-type.application";
		};
		111FDA112931212D00B82376 /* APIPracticeTests */ = {
			isa = PBXNativeTarget;
			buildConfigurationList = 111FDA292931212D00B82376 /* Build configuration list for PBXNativeTarget "APIPracticeTests" */;
			buildPhases = (
				111FDA0E2931212D00B82376 /* Sources */,
				111FDA0F2931212D00B82376 /* Frameworks */,
				111FDA102931212D00B82376 /* Resources */,
			);
			buildRules = (
			);
			dependencies = (
				111FDA142931212D00B82376 /* PBXTargetDependency */,
			);
			name = APIPracticeTests;
			productName = APIPracticeTests;
			productReference = 111FDA122931212D00B82376 /* APIPracticeTests.xctest */;
			productType = "com.apple.product-type.bundle.unit-test";
		};
		111FDA1B2931212D00B82376 /* APIPracticeUITests */ = {
			isa = PBXNativeTarget;
			buildConfigurationList = 111FDA2C2931212D00B82376 /* Build configuration list for PBXNativeTarget "APIPracticeUITests" */;
			buildPhases = (
				111FDA182931212D00B82376 /* Sources */,
				111FDA192931212D00B82376 /* Frameworks */,
				111FDA1A2931212D00B82376 /* Resources */,
			);
			buildRules = (
			);
			dependencies = (
				111FDA1E2931212D00B82376 /* PBXTargetDependency */,
			);
			name = APIPracticeUITests;
			productName = APIPracticeUITests;
			productReference = 111FDA1C2931212D00B82376 /* APIPracticeUITests.xctest */;
			productType = "com.apple.product-type.bundle.ui-testing";
		};
/* End PBXNativeTarget section */

/* Begin PBXProject section */
		111FD9FA2931212C00B82376 /* Project object */ = {
			isa = PBXProject;
			attributes = {
				BuildIndependentTargetsInParallel = 1;
				LastSwiftUpdateCheck = 1410;
				LastUpgradeCheck = 1410;
				TargetAttributes = {
					111FDA012931212C00B82376 = {
						CreatedOnToolsVersion = 14.1;
					};
					111FDA112931212D00B82376 = {
						CreatedOnToolsVersion = 14.1;
						TestTargetID = 111FDA012931212C00B82376;
					};
					111FDA1B2931212D00B82376 = {
						CreatedOnToolsVersion = 14.1;
						TestTargetID = 111FDA012931212C00B82376;
					};
				};
			};
			buildConfigurationList = 111FD9FD2931212C00B82376 /* Build configuration list for PBXProject "APIPractice" */;
			compatibilityVersion = "Xcode 14.0";
			developmentRegion = en;
			hasScannedForEncodings = 0;
			knownRegions = (
				en,
				Base,
			);
			mainGroup = 111FD9F92931212C00B82376;
			productRefGroup = 111FDA032931212C00B82376 /* Products */;
			projectDirPath = "";
			projectRoot = "";
			targets = (
				111FDA012931212C00B82376 /* APIPractice */,
				111FDA112931212D00B82376 /* APIPracticeTests */,
				111FDA1B2931212D00B82376 /* APIPracticeUITests */,
			);
		};
/* End PBXProject section */

/* Begin PBXResourcesBuildPhase section */
		111FDA002931212C00B82376 /* Resources */ = {
			isa = PBXResourcesBuildPhase;
			buildActionMask = 2147483647;
			files = (
				111FDA0D2931212D00B82376 /* Preview Assets.xcassets in Resources */,
				111FDA0A2931212D00B82376 /* Assets.xcassets in Resources */,
			);
			runOnlyForDeploymentPostprocessing = 0;
		};
		111FDA102931212D00B82376 /* Resources */ = {
			isa = PBXResourcesBuildPhase;
			buildActionMask = 2147483647;
			files = (
			);
			runOnlyForDeploymentPostprocessing = 0;
		};
		111FDA1A2931212D00B82376 /* Resources */ = {
			isa = PBXResourcesBuildPhase;
			buildActionMask = 2147483647;
			files = (
			);
			runOnlyForDeploymentPostprocessing = 0;
		};
/* End PBXResourcesBuildPhase section */

/* Begin PBXSourcesBuildPhase section */
		111FD9FE2931212C00B82376 /* Sources */ = {
			isa = PBXSourcesBuildPhase;
			buildActionMask = 2147483647;
			files = (
				111FDA082931212C00B82376 /* ContentView.swift in Sources */,
				1106CD432934B5DD00816471 /* DataModel.swift in Sources */,
				111FDA062931212C00B82376 /* APIPracticeApp.swift in Sources */,
				111FDA302931295A00B82376 /* TaskData.swift in Sources */,
			);
			runOnlyForDeploymentPostprocessing = 0;
		};
		111FDA0E2931212D00B82376 /* Sources */ = {
			isa = PBXSourcesBuildPhase;
			buildActionMask = 2147483647;
			files = (
				111FDA172931212D00B82376 /* APIPracticeTests.swift in Sources */,
			);
			runOnlyForDeploymentPostprocessing = 0;
		};
		111FDA182931212D00B82376 /* Sources */ = {
			isa = PBXSourcesBuildPhase;
			buildActionMask = 2147483647;
			files = (
				111FDA232931212D00B82376 /* APIPracticeUITestsLaunchTests.swift in Sources */,
				111FDA212931212D00B82376 /* APIPracticeUITests.swift in Sources */,
			);
			runOnlyForDeploymentPostprocessing = 0;
		};
/* End PBXSourcesBuildPhase section */

/* Begin PBXTargetDependency section */
		111FDA142931212D00B82376 /* PBXTargetDependency */ = {
			isa = PBXTargetDependency;
			target = 111FDA012931212C00B82376 /* APIPractice */;
			targetProxy = 111FDA132931212D00B82376 /* PBXContainerItemProxy */;
		};
		111FDA1E2931212D00B82376 /* PBXTargetDependency */ = {
			isa = PBXTargetDependency;
			target = 111FDA012931212C00B82376 /* APIPractice */;
			targetProxy = 111FDA1D2931212D00B82376 /* PBXContainerItemProxy */;
		};
/* End PBXTargetDependency section */

/* Begin XCBuildConfiguration section */
		111FDA242931212D00B82376 /* Debug */ = {
			isa = XCBuildConfiguration;
			buildSettings = {
				ALWAYS_SEARCH_USER_PATHS = NO;
				CLANG_ANALYZER_NONNULL = YES;
				CLANG_ANALYZER_NUMBER_OBJECT_CONVERSION = YES_AGGRESSIVE;
				CLANG_CXX_LANGUAGE_STANDARD = "gnu++20";
				CLANG_ENABLE_MODULES = YES;
				CLANG_ENABLE_OBJC_ARC = YES;
				CLANG_ENABLE_OBJC_WEAK = YES;
				CLANG_WARN_BLOCK_CAPTURE_AUTORELEASING = YES;
				CLANG_WARN_BOOL_CONVERSION = YES;
				CLANG_WARN_COMMA = YES;
				CLANG_WARN_CONSTANT_CONVERSION = YES;
				CLANG_WARN_DEPRECATED_OBJC_IMPLEMENTATIONS = YES;
				CLANG_WARN_DIRECT_OBJC_ISA_USAGE = YES_ERROR;
				CLANG_WARN_DOCUMENTATION_COMMENTS = YES;
				CLANG_WARN_EMPTY_BODY = YES;
				CLANG_WARN_ENUM_CONVERSION = YES;
				CLANG_WARN_INFINITE_RECURSION = YES;
				CLANG_WARN_INT_CONVERSION = YES;
				CLANG_WARN_NON_LITERAL_NULL_CONVERSION = YES;
				CLANG_WARN_OBJC_IMPLICIT_RETAIN_SELF = YES;
				CLANG_WARN_OBJC_LITERAL_CONVERSION = YES;
				CLANG_WARN_OBJC_ROOT_CLASS = YES_ERROR;
				CLANG_WARN_QUOTED_INCLUDE_IN_FRAMEWORK_HEADER = YES;
				CLANG_WARN_RANGE_LOOP_ANALYSIS = YES;
				CLANG_WARN_STRICT_PROTOTYPES = YES;
				CLANG_WARN_SUSPICIOUS_MOVE = YES;
				CLANG_WARN_UNGUARDED_AVAILABILITY = YES_AGGRESSIVE;
				CLANG_WARN_UNREACHABLE_CODE = YES;
				CLANG_WARN__DUPLICATE_METHOD_MATCH = YES;
				COPY_PHASE_STRIP = NO;
				DEBUG_INFORMATION_FORMAT = dwarf;
				ENABLE_STRICT_OBJC_MSGSEND = YES;
				ENABLE_TESTABILITY = YES;
				GCC_C_LANGUAGE_STANDARD = gnu11;
				GCC_DYNAMIC_NO_PIC = NO;
				GCC_NO_COMMON_BLOCKS = YES;
				GCC_OPTIMIZATION_LEVEL = 0;
				GCC_PREPROCESSOR_DEFINITIONS = (
					"DEBUG=1",
					"$(inherited)",
				);
				GCC_WARN_64_TO_32_BIT_CONVERSION = YES;
				GCC_WARN_ABOUT_RETURN_TYPE = YES_ERROR;
				GCC_WARN_UNDECLARED_SELECTOR = YES;
				GCC_WARN_UNINITIALIZED_AUTOS = YES_AGGRESSIVE;
				GCC_WARN_UNUSED_FUNCTION = YES;
				GCC_WARN_UNUSED_VARIABLE = YES;
				IPHONEOS_DEPLOYMENT_TARGET = 16.1;
				MTL_ENABLE_DEBUG_INFO = INCLUDE_SOURCE;
				MTL_FAST_MATH = YES;
				ONLY_ACTIVE_ARCH = YES;
				SDKROOT = iphoneos;
				SWIFT_ACTIVE_COMPILATION_CONDITIONS = DEBUG;
				SWIFT_OPTIMIZATION_LEVEL = "-Onone";
			};
			name = Debug;
		};
		111FDA252931212D00B82376 /* Release */ = {
			isa = XCBuildConfiguration;
			buildSettings = {
				ALWAYS_SEARCH_USER_PATHS = NO;
				CLANG_ANALYZER_NONNULL = YES;
				CLANG_ANALYZER_NUMBER_OBJECT_CONVERSION = YES_AGGRESSIVE;
				CLANG_CXX_LANGUAGE_STANDARD = "gnu++20";
				CLANG_ENABLE_MODULES = YES;
				CLANG_ENABLE_OBJC_ARC = YES;
				CLANG_ENABLE_OBJC_WEAK = YES;
				CLANG_WARN_BLOCK_CAPTURE_AUTORELEASING = YES;
				CLANG_WARN_BOOL_CONVERSION = YES;
				CLANG_WARN_COMMA = YES;
				CLANG_WARN_CONSTANT_CONVERSION = YES;
				CLANG_WARN_DEPRECATED_OBJC_IMPLEMENTATIONS = YES;
				CLANG_WARN_DIRECT_OBJC_ISA_USAGE = YES_ERROR;
				CLANG_WARN_DOCUMENTATION_COMMENTS = YES;
				CLANG_WARN_EMPTY_BODY = YES;
				CLANG_WARN_ENUM_CONVERSION = YES;
				CLANG_WARN_INFINITE_RECURSION = YES;
				CLANG_WARN_INT_CONVERSION = YES;
				CLANG_WARN_NON_LITERAL_NULL_CONVERSION = YES;
				CLANG_WARN_OBJC_IMPLICIT_RETAIN_SELF = YES;
				CLANG_WARN_OBJC_LITERAL_CONVERSION = YES;
				CLANG_WARN_OBJC_ROOT_CLASS = YES_ERROR;
				CLANG_WARN_QUOTED_INCLUDE_IN_FRAMEWORK_HEADER = YES;
				CLANG_WARN_RANGE_LOOP_ANALYSIS = YES;
				CLANG_WARN_STRICT_PROTOTYPES = YES;
				CLANG_WARN_SUSPICIOUS_MOVE = YES;
				CLANG_WARN_UNGUARDED_AVAILABILITY = YES_AGGRESSIVE;
				CLANG_WARN_UNREACHABLE_CODE = YES;
				CLANG_WARN__DUPLICATE_METHOD_MATCH = YES;
				COPY_PHASE_STRIP = NO;
				DEBUG_INFORMATION_FORMAT = "dwarf-with-dsym";
				ENABLE_NS_ASSERTIONS = NO;
				ENABLE_STRICT_OBJC_MSGSEND = YES;
				GCC_C_LANGUAGE_STANDARD = gnu11;
				GCC_NO_COMMON_BLOCKS = YES;
				GCC_WARN_64_TO_32_BIT_CONVERSION = YES;
				GCC_WARN_ABOUT_RETURN_TYPE = YES_ERROR;
				GCC_WARN_UNDECLARED_SELECTOR = YES;
				GCC_WARN_UNINITIALIZED_AUTOS = YES_AGGRESSIVE;
				GCC_WARN_UNUSED_FUNCTION = YES;
				GCC_WARN_UNUSED_VARIABLE = YES;
				IPHONEOS_DEPLOYMENT_TARGET = 16.1;
				MTL_ENABLE_DEBUG_INFO = NO;
				MTL_FAST_MATH = YES;
				SDKROOT = iphoneos;
				SWIFT_COMPILATION_MODE = wholemodule;
				SWIFT_OPTIMIZATION_LEVEL = "-O";
				VALIDATE_PRODUCT = YES;
			};
			name = Release;
		};
		111FDA272931212D00B82376 /* Debug */ = {
			isa = XCBuildConfiguration;
			buildSettings = {
				ASSETCATALOG_COMPILER_APPICON_NAME = AppIcon;
				ASSETCATALOG_COMPILER_GLOBAL_ACCENT_COLOR_NAME = AccentColor;
				CODE_SIGN_STYLE = Automatic;
				CURRENT_PROJECT_VERSION = 1;
				DEVELOPMENT_ASSET_PATHS = "\"APIPractice/Preview Content\"";
				ENABLE_PREVIEWS = YES;
				GENERATE_INFOPLIST_FILE = YES;
				INFOPLIST_KEY_UIApplicationSceneManifest_Generation = YES;
				INFOPLIST_KEY_UIApplicationSupportsIndirectInputEvents = YES;
				INFOPLIST_KEY_UILaunchScreen_Generation = YES;
				INFOPLIST_KEY_UISupportedInterfaceOrientations_iPad = "UIInterfaceOrientationPortrait UIInterfaceOrientationPortraitUpsideDown UIInterfaceOrientationLandscapeLeft UIInterfaceOrientationLandscapeRight";
				INFOPLIST_KEY_UISupportedInterfaceOrientations_iPhone = "UIInterfaceOrientationPortrait UIInterfaceOrientationLandscapeLeft UIInterfaceOrientationLandscapeRight";
				LD_RUNPATH_SEARCH_PATHS = (
					"$(inherited)",
					"@executable_path/Frameworks",
				);
				MARKETING_VERSION = 1.0;
				PRODUCT_BUNDLE_IDENTIFIER = IOS.APIPractice;
				PRODUCT_NAME = "$(TARGET_NAME)";
				SWIFT_EMIT_LOC_STRINGS = YES;
				SWIFT_VERSION = 5.0;
				TARGETED_DEVICE_FAMILY = "1,2";
			};
			name = Debug;
		};
		111FDA282931212D00B82376 /* Release */ = {
			isa = XCBuildConfiguration;
			buildSettings = {
				ASSETCATALOG_COMPILER_APPICON_NAME = AppIcon;
				ASSETCATALOG_COMPILER_GLOBAL_ACCENT_COLOR_NAME = AccentColor;
				CODE_SIGN_STYLE = Automatic;
				CURRENT_PROJECT_VERSION = 1;
				DEVELOPMENT_ASSET_PATHS = "\"APIPractice/Preview Content\"";
				ENABLE_PREVIEWS = YES;
				GENERATE_INFOPLIST_FILE = YES;
				INFOPLIST_KEY_UIApplicationSceneManifest_Generation = YES;
				INFOPLIST_KEY_UIApplicationSupportsIndirectInputEvents = YES;
				INFOPLIST_KEY_UILaunchScreen_Generation = YES;
				INFOPLIST_KEY_UISupportedInterfaceOrientations_iPad = "UIInterfaceOrientationPortrait UIInterfaceOrientationPortraitUpsideDown UIInterfaceOrientationLandscapeLeft UIInterfaceOrientationLandscapeRight";
				INFOPLIST_KEY_UISupportedInterfaceOrientations_iPhone = "UIInterfaceOrientationPortrait UIInterfaceOrientationLandscapeLeft UIInterfaceOrientationLandscapeRight";
				LD_RUNPATH_SEARCH_PATHS = (
					"$(inherited)",
					"@executable_path/Frameworks",
				);
				MARKETING_VERSION = 1.0;
				PRODUCT_BUNDLE_IDENTIFIER = IOS.APIPractice;
				PRODUCT_NAME = "$(TARGET_NAME)";
				SWIFT_EMIT_LOC_STRINGS = YES;
				SWIFT_VERSION = 5.0;
				TARGETED_DEVICE_FAMILY = "1,2";
			};
			name = Release;
		};
		111FDA2A2931212D00B82376 /* Debug */ = {
			isa = XCBuildConfiguration;
			buildSettings = {
				ALWAYS_EMBED_SWIFT_STANDARD_LIBRARIES = YES;
				BUNDLE_LOADER = "$(TEST_HOST)";
				CODE_SIGN_STYLE = Automatic;
				CURRENT_PROJECT_VERSION = 1;
				GENERATE_INFOPLIST_FILE = YES;
				IPHONEOS_DEPLOYMENT_TARGET = 16.1;
				MARKETING_VERSION = 1.0;
				PRODUCT_BUNDLE_IDENTIFIER = IOS.APIPracticeTests;
				PRODUCT_NAME = "$(TARGET_NAME)";
				SWIFT_EMIT_LOC_STRINGS = NO;
				SWIFT_VERSION = 5.0;
				TARGETED_DEVICE_FAMILY = "1,2";
				TEST_HOST = "$(BUILT_PRODUCTS_DIR)/APIPractice.app/$(BUNDLE_EXECUTABLE_FOLDER_PATH)/APIPractice";
			};
			name = Debug;
		};
		111FDA2B2931212D00B82376 /* Release */ = {
			isa = XCBuildConfiguration;
			buildSettings = {
				ALWAYS_EMBED_SWIFT_STANDARD_LIBRARIES = YES;
				BUNDLE_LOADER = "$(TEST_HOST)";
				CODE_SIGN_STYLE = Automatic;
				CURRENT_PROJECT_VERSION = 1;
				GENERATE_INFOPLIST_FILE = YES;
				IPHONEOS_DEPLOYMENT_TARGET = 16.1;
				MARKETING_VERSION = 1.0;
				PRODUCT_BUNDLE_IDENTIFIER = IOS.APIPracticeTests;
				PRODUCT_NAME = "$(TARGET_NAME)";
				SWIFT_EMIT_LOC_STRINGS = NO;
				SWIFT_VERSION = 5.0;
				TARGETED_DEVICE_FAMILY = "1,2";
				TEST_HOST = "$(BUILT_PRODUCTS_DIR)/APIPractice.app/$(BUNDLE_EXECUTABLE_FOLDER_PATH)/APIPractice";
			};
			name = Release;
		};
		111FDA2D2931212D00B82376 /* Debug */ = {
			isa = XCBuildConfiguration;
			buildSettings = {
				ALWAYS_EMBED_SWIFT_STANDARD_LIBRARIES = YES;
				CODE_SIGN_STYLE = Automatic;
				CURRENT_PROJECT_VERSION = 1;
				GENERATE_INFOPLIST_FILE = YES;
				MARKETING_VERSION = 1.0;
				PRODUCT_BUNDLE_IDENTIFIER = IOS.APIPracticeUITests;
				PRODUCT_NAME = "$(TARGET_NAME)";
				SWIFT_EMIT_LOC_STRINGS = NO;
				SWIFT_VERSION = 5.0;
				TARGETED_DEVICE_FAMILY = "1,2";
				TEST_TARGET_NAME = APIPractice;
			};
			name = Debug;
		};
		111FDA2E2931212D00B82376 /* Release */ = {
			isa = XCBuildConfiguration;
			buildSettings = {
				ALWAYS_EMBED_SWIFT_STANDARD_LIBRARIES = YES;
				CODE_SIGN_STYLE = Automatic;
				CURRENT_PROJECT_VERSION = 1;
				GENERATE_INFOPLIST_FILE = YES;
				MARKETING_VERSION = 1.0;
				PRODUCT_BUNDLE_IDENTIFIER = IOS.APIPracticeUITests;
				PRODUCT_NAME = "$(TARGET_NAME)";
				SWIFT_EMIT_LOC_STRINGS = NO;
				SWIFT_VERSION = 5.0;
				TARGETED_DEVICE_FAMILY = "1,2";
				TEST_TARGET_NAME = APIPractice;
			};
			name = Release;
		};
/* End XCBuildConfiguration section */

/* Begin XCConfigurationList section */
		111FD9FD2931212C00B82376 /* Build configuration list for PBXProject "APIPractice" */ = {
			isa = XCConfigurationList;
			buildConfigurations = (
				111FDA242931212D00B82376 /* Debug */,
				111FDA252931212D00B82376 /* Release */,
			);
			defaultConfigurationIsVisible = 0;
			defaultConfigurationName = Release;
		};
		111FDA262931212D00B82376 /* Build configuration list for PBXNativeTarget "APIPractice" */ = {
			isa = XCConfigurationList;
			buildConfigurations = (
				111FDA272931212D00B82376 /* Debug */,
				111FDA282931212D00B82376 /* Release */,
			);
			defaultConfigurationIsVisible = 0;
			defaultConfigurationName = Release;
		};
		111FDA292931212D00B82376 /* Build configuration list for PBXNativeTarget "APIPracticeTests" */ = {
			isa = XCConfigurationList;
			buildConfigurations = (
				111FDA2A2931212D00B82376 /* Debug */,
				111FDA2B2931212D00B82376 /* Release */,
			);
			defaultConfigurationIsVisible = 0;
			defaultConfigurationName = Release;
		};
		111FDA2C2931212D00B82376 /* Build configuration list for PBXNativeTarget "APIPracticeUITests" */ = {
			isa = XCConfigurationList;
			buildConfigurations = (
				111FDA2D2931212D00B82376 /* Debug */,
				111FDA2E2931212D00B82376 /* Release */,
			);
			defaultConfigurationIsVisible = 0;
			defaultConfigurationName = Release;
		};
/* End XCConfigurationList section */
	};
	rootObject = 111FD9FA2931212C00B82376 /* Project object */;
}
